
Microsoft Visual Studio Solution File, Format Version 12.00
# Visual Studio Version 17
VisualStudioVersion = 17.9.34723.18
MinimumVisualStudioVersion = 10.0.40219.1
Project("{FAE04EC0-301F-11D3-BF4B-00C04F79EFBC}") = "Tetris", "Tetris.csproj", "{6A2EFE8F-5C17-4D15-AE46-1BB3AF013384}"
EndProject
Global
	GlobalSection(SolutionConfigurationPlatforms) = preSolution
		Debug|Any CPU = Debug|Any CPU
		Release|Any CPU = Release|Any CPU
	EndGlobalSection
	GlobalSection(ProjectConfigurationPlatforms) = postSolution
		{6A2EFE8F-5C17-4D15-AE46-1BB3AF013384}.Debug|Any CPU.ActiveCfg = Debug|Any CPU
		{6A2EFE8F-5C17-4D15-AE46-1BB3AF013384}.Debug|Any CPU.Build.0 = Debug|Any CPU
		{6A2EFE8F-5C17-4D15-AE46-1BB3AF013384}.Release|Any CPU.ActiveCfg = Release|Any CPU
		{6A2EFE8F-5C17-4D15-AE46-1BB3AF013384}.Release|Any CPU.Build.0 = Release|Any CPU
	EndGlobalSection
	GlobalSection(SolutionProperties) = preSolution
		HideSolutionNode = FALSE
	EndGlobalSection
	GlobalSection(ExtensibilityGlobals) = postSolution
		SolutionGuid = {7871D1E3-7BAA-4D18-ADB5-A026FDAAC92C}
	EndGlobalSection
EndGlobal
